
Microsoft Visual Studio Solution File, Format Version 12.00
# Visual Studio Version 16
VisualStudioVersion = 16.0.30114.105
MinimumVisualStudioVersion = 10.0.40219.1
Project("{FAE04EC0-301F-11D3-BF4B-00C04F79EFBC}") = "JWTAuth_Using_Core3.0", "JWTAuth_Using_Core3.0\JWTAuth_Using_Core3.0.csproj", "{850190FB-925A-4F73-89EE-5AC2BA383965}"
EndProject
Global
	GlobalSection(SolutionConfigurationPlatforms) = preSolution
		Debug|Any CPU = Debug|Any CPU
		Release|Any CPU = Release|Any CPU
	EndGlobalSection
	GlobalSection(ProjectConfigurationPlatforms) = postSolution
		{850190FB-925A-4F73-89EE-5AC2BA383965}.Debug|Any CPU.ActiveCfg = Debug|Any CPU
		{850190FB-925A-4F73-89EE-5AC2BA383965}.Debug|Any CPU.Build.0 = Debug|Any CPU
		{850190FB-925A-4F73-89EE-5AC2BA383965}.Release|Any CPU.ActiveCfg = Release|Any CPU
		{850190FB-925A-4F73-89EE-5AC2BA383965}.Release|Any CPU.Build.0 = Release|Any CPU
	EndGlobalSection
	GlobalSection(SolutionProperties) = preSolution
		HideSolutionNode = FALSE
	EndGlobalSection
	GlobalSection(ExtensibilityGlobals) = postSolution
		SolutionGuid = {5A06B8B5-1F85-47E2-A5C4-A613F2CB216C}
	EndGlobalSection
EndGlobal
